Microsoft Visual Studio Solution File, Format Version 12.00
# Visual Studio Version 17
VisualStudioVersion = 17.3.32901.215
MinimumVisualStudioVersion = 10.0.40219.1
Project("{F184B08F-C81C-45F6-A57F-5ABD9991F28F}") = "XMLLib", "XMLLib\XMLLib.vbproj", "{032890EE-1C1A-42F4-86E0-A07A20A6FBC5}"
EndProject
Project("{F184B08F-C81C-45F6-A57F-5ABD9991F28F}") = "BitmLib", "Bitm\BitmLib.vbproj", "{F1AF2551-8F38-466E-9A7C-CF8C786D3AD9}"
EndProject
Project("{F184B08F-C81C-45F6-A57F-5ABD9991F28F}") = "HaloMap", "HaloMap\HaloMap.vbproj", "{A0647B71-4197-4094-9731-2F315A4E835E}"
EndProject
Project("{F184B08F-C81C-45F6-A57F-5ABD9991F28F}") = "HMTLib", "HMTLib\HMTLib.vbproj", "{FC854AC6-BAA3-431B-87D7-669A7EAC487B}"
EndProject
Project("{F184B08F-C81C-45F6-A57F-5ABD9991F28F}") = "ScnrLib", "ScnrLib\ScnrLib.vbproj", "{73F8E649-F56D-45E0-9C3C-BF17FA674863}"
EndProject
Project("{F184B08F-C81C-45F6-A57F-5ABD9991F28F}") = "sndLib", "snd!\sndLib.vbproj", "{7FAEAD37-1F6F-42AC-81A2-6E75A174FBFC}"
EndProject
Project("{F184B08F-C81C-45F6-A57F-5ABD9991F28F}") = "KnobControl", "KnobControl\KnobControl.vbproj", "{2706D59E-5F5C-4B3F-8E2B-D5D3C85960C0}"
EndProject
Project("{F184B08F-C81C-45F6-A57F-5ABD9991F28F}") = "HaloMapTools", "ResourceRepointer\HaloMapTools.vbproj", "{9EEB6208-01FF-4BBE-B55F-8F0DE4D18767}"
EndProject
Global
	GlobalSection(SolutionConfigurationPlatforms) = preSolution
		Debug|Any CPU = Debug|Any CPU
		Release|Any CPU = Release|Any CPU
	EndGlobalSection
	GlobalSection(ProjectConfigurationPlatforms) = postSolution
		{032890EE-1C1A-42F4-86E0-A07A20A6FBC5}.Debug|Any CPU.ActiveCfg = Debug|Any CPU
		{032890EE-1C1A-42F4-86E0-A07A20A6FBC5}.Debug|Any CPU.Build.0 = Debug|Any CPU
		{032890EE-1C1A-42F4-86E0-A07A20A6FBC5}.Release|Any CPU.ActiveCfg = Release|Any CPU
		{032890EE-1C1A-42F4-86E0-A07A20A6FBC5}.Release|Any CPU.Build.0 = Release|Any CPU
		{F1AF2551-8F38-466E-9A7C-CF8C786D3AD9}.Debug|Any CPU.ActiveCfg = Debug|Any CPU
		{F1AF2551-8F38-466E-9A7C-CF8C786D3AD9}.Debug|Any CPU.Build.0 = Debug|Any CPU
		{F1AF2551-8F38-466E-9A7C-CF8C786D3AD9}.Release|Any CPU.ActiveCfg = Release|Any CPU
		{F1AF2551-8F38-466E-9A7C-CF8C786D3AD9}.Release|Any CPU.Build.0 = Release|Any CPU
		{A0647B71-4197-4094-9731-2F315A4E835E}.Debug|Any CPU.ActiveCfg = Debug|Any CPU
		{A0647B71-4197-4094-9731-2F315A4E835E}.Debug|Any CPU.Build.0 = Debug|Any CPU
		{A0647B71-4197-4094-9731-2F315A4E835E}.Release|Any CPU.ActiveCfg = Release|Any CPU
		{A0647B71-4197-4094-9731-2F315A4E835E}.Release|Any CPU.Build.0 = Release|Any CPU
		{FC854AC6-BAA3-431B-87D7-669A7EAC487B}.Debug|Any CPU.ActiveCfg = Debug|Any CPU
		{FC854AC6-BAA3-431B-87D7-669A7EAC487B}.Debug|Any CPU.Build.0 = Debug|Any CPU
		{FC854AC6-BAA3-431B-87D7-669A7EAC487B}.Release|Any CPU.ActiveCfg = Release|Any CPU
		{FC854AC6-BAA3-431B-87D7-669A7EAC487B}.Release|Any CPU.Build.0 = Release|Any CPU
		{73F8E649-F56D-45E0-9C3C-BF17FA674863}.Debug|Any CPU.ActiveCfg = Debug|Any CPU
		{73F8E649-F56D-45E0-9C3C-BF17FA674863}.Debug|Any CPU.Build.0 = Debug|Any CPU
		{73F8E649-F56D-45E0-9C3C-BF17FA674863}.Release|Any CPU.ActiveCfg = Release|Any CPU
		{73F8E649-F56D-45E0-9C3C-BF17FA674863}.Release|Any CPU.Build.0 = Release|Any CPU
		{7FAEAD37-1F6F-42AC-81A2-6E75A174FBFC}.Debug|Any CPU.ActiveCfg = Debug|Any CPU
		{7FAEAD37-1F6F-42AC-81A2-6E75A174FBFC}.Debug|Any CPU.Build.0 = Debug|Any CPU
		{7FAEAD37-1F6F-42AC-81A2-6E75A174FBFC}.Release|Any CPU.ActiveCfg = Release|Any CPU
		{7FAEAD37-1F6F-42AC-81A2-6E75A174FBFC}.Release|Any CPU.Build.0 = Release|Any CPU
		{2706D59E-5F5C-4B3F-8E2B-D5D3C85960C0}.Debug|Any CPU.ActiveCfg = Debug|Any CPU
		{2706D59E-5F5C-4B3F-8E2B-D5D3C85960C0}.Debug|Any CPU.Build.0 = Debug|Any CPU
		{2706D59E-5F5C-4B3F-8E2B-D5D3C85960C0}.Release|Any CPU.ActiveCfg = Release|Any CPU
		{2706D59E-5F5C-4B3F-8E2B-D5D3C85960C0}.Release|Any CPU.Build.0 = Release|Any CPU
		{9EEB6208-01FF-4BBE-B55F-8F0DE4D18767}.Debug|Any CPU.ActiveCfg = Debug|Any CPU
		{9EEB6208-01FF-4BBE-B55F-8F0DE4D18767}.Debug|Any CPU.Build.0 = Debug|Any CPU
		{9EEB6208-01FF-4BBE-B55F-8F0DE4D18767}.Release|Any CPU.ActiveCfg = Release|Any CPU
		{9EEB6208-01FF-4BBE-B55F-8F0DE4D18767}.Release|Any CPU.Build.0 = Release|Any CPU
	EndGlobalSection
	GlobalSection(SolutionProperties) = preSolution
		HideSolutionNode = FALSE
	EndGlobalSection
	GlobalSection(ExtensibilityGlobals) = postSolution
		SolutionGuid = {97C58DD0-E324-4515-94A6-7621434134DD}
	EndGlobalSection
EndGlobal
